// !$*UTF8*$!
{
	archiveVersion = 1;
	classes = {
	};
	objectVersion = 50;
	objects = {

/* Begin PBXBuildFile section */
		C74EF6602236115E009B3906 /* main.cpp in Sources */ = {isa = PBXBuildFile; fileRef = C74EF65F2236115E009B3906 /* main.cpp */; };
		C74EF66D2236150D009B3906 /* JHFilter.cpp in Sources */ = {isa = PBXBuildFile; fileRef = C74EF6672236122F009B3906 /* JHFilter.cpp */; };
		C74EF67222361F64009B3906 /* JHGuidance.cpp in Sources */ = {isa = PBXBuildFile; fileRef = C74EF67022361F64009B3906 /* JHGuidance.cpp */; };
		C74EF67622370580009B3906 /* JHController.cpp in Sources */ = {isa = PBXBuildFile; fileRef = C74EF67422370580009B3906 /* JHController.cpp */; };
		C74EF677223777E9009B3906 /* JHPI.cpp in Sources */ = {isa = PBXBuildFile; fileRef = C74EF6662236122F009B3906 /* JHPI.cpp */; };
		C7A631B5223826FC00CA8CFC /* Globals.cpp in Sources */ = {isa = PBXBuildFile; fileRef = C7A631B4223826FC00CA8CFC /* Globals.cpp */; };
/* End PBXBuildFile section */

/* Begin PBXCopyFilesBuildPhase section */
		C74EF65A2236115E009B3906 /* CopyFiles */ = {
			isa = PBXCopyFilesBuildPhase;
			buildActionMask = 2147483647;
			dstPath = /usr/share/man/man1/;
			dstSubfolderSpec = 0;
			files = (
			);
			runOnlyForDeploymentPostprocessing = 1;
		};
/* End PBXCopyFilesBuildPhase section */

/* Begin PBXFileReference section */
		C74EF65C2236115E009B3906 /* RPG Orange */ = {isa = PBXFileReference; explicitFileType = "compiled.mach-o.executable"; includeInIndex = 0; path = "RPG Orange"; sourceTree = BUILT_PRODUCTS_DIR; };
		C74EF65F2236115E009B3906 /* main.cpp */ = {isa = PBXFileReference; lastKnownFileType = sourcecode.cpp.cpp; name = main.cpp; path = RPG_Orange/main.cpp; sourceTree = SOURCE_ROOT; };
		C74EF6662236122F009B3906 /* JHPI.cpp */ = {isa = PBXFileReference; fileEncoding = 4; lastKnownFileType = sourcecode.cpp.cpp; path = JHPI.cpp; sourceTree = SOURCE_ROOT; };
		C74EF6672236122F009B3906 /* JHFilter.cpp */ = {isa = PBXFileReference; fileEncoding = 4; lastKnownFileType = sourcecode.cpp.cpp; path = JHFilter.cpp; sourceTree = SOURCE_ROOT; };
		C74EF6682236122F009B3906 /* JHFilter.h */ = {isa = PBXFileReference; fileEncoding = 4; lastKnownFileType = sourcecode.c.h; path = JHFilter.h; sourceTree = SOURCE_ROOT; };
		C74EF6692236122F009B3906 /* JHPI.h */ = {isa = PBXFileReference; fileEncoding = 4; lastKnownFileType = sourcecode.c.h; path = JHPI.h; sourceTree = SOURCE_ROOT; };
		C74EF66C22361508009B3906 /* BasicLinearAlgebra.h */ = {isa = PBXFileReference; lastKnownFileType = sourcecode.c.h; path = BasicLinearAlgebra.h; sourceTree = SOURCE_ROOT; };
		C74EF66E223615BE009B3906 /* MemoryDelegate.h */ = {isa = PBXFileReference; lastKnownFileType = sourcecode.c.h; path = MemoryDelegate.h; sourceTree = SOURCE_ROOT; };
		C74EF66F223616FE009B3906 /* Globals.h */ = {isa = PBXFileReference; lastKnownFileType = sourcecode.c.h; path = Globals.h; sourceTree = SOURCE_ROOT; };
		C74EF67022361F64009B3906 /* JHGuidance.cpp */ = {isa = PBXFileReference; lastKnownFileType = sourcecode.cpp.cpp; path = JHGuidance.cpp; sourceTree = SOURCE_ROOT; };
		C74EF67122361F64009B3906 /* JHGuidance.h */ = {isa = PBXFileReference; lastKnownFileType = sourcecode.c.h; path = JHGuidance.h; sourceTree = SOURCE_ROOT; };
		C74EF67422370580009B3906 /* JHController.cpp */ = {isa = PBXFileReference; lastKnownFileType = sourcecode.cpp.cpp; path = JHController.cpp; sourceTree = SOURCE_ROOT; };
		C74EF67522370580009B3906 /* JHController.h */ = {isa = PBXFileReference; lastKnownFileType = sourcecode.c.h; path = JHController.h; sourceTree = SOURCE_ROOT; };
		C7A631B4223826FC00CA8CFC /* Globals.cpp */ = {isa = PBXFileReference; lastKnownFileType = sourcecode.cpp.cpp; path = Globals.cpp; sourceTree = SOURCE_ROOT; };
/* End PBXFileReference section */

/* Begin PBXFrameworksBuildPhase section */
		C74EF6592236115E009B3906 /* Frameworks */ = {
			isa = PBXFrameworksBuildPhase;
			buildActionMask = 2147483647;
			files = (
			);
			runOnlyForDeploymentPostprocessing = 0;
		};
/* End PBXFrameworksBuildPhase section */

/* Begin PBXGroup section */
		C74EF6532236115E009B3906 = {
			isa = PBXGroup;
			children = (
				C74EF66F223616FE009B3906 /* Globals.h */,
				C7A631B4223826FC00CA8CFC /* Globals.cpp */,
				C74EF6682236122F009B3906 /* JHFilter.h */,
				C74EF6672236122F009B3906 /* JHFilter.cpp */,
				C74EF67122361F64009B3906 /* JHGuidance.h */,
				C74EF67022361F64009B3906 /* JHGuidance.cpp */,
				C74EF67522370580009B3906 /* JHController.h */,
				C74EF67422370580009B3906 /* JHController.cpp */,
				C74EF6692236122F009B3906 /* JHPI.h */,
				C74EF6662236122F009B3906 /* JHPI.cpp */,
				C74EF66E223615BE009B3906 /* MemoryDelegate.h */,
				C74EF66C22361508009B3906 /* BasicLinearAlgebra.h */,
				C74EF65E2236115E009B3906 /* RPG_Orange */,
				C74EF67322362D4B009B3906 /* Not Used */,
				C74EF65D2236115E009B3906 /* Products */,
			);
			sourceTree = "<group>";
		};
		C74EF65D2236115E009B3906 /* Products */ = {
			isa = PBXGroup;
			children = (
				C74EF65C2236115E009B3906 /* RPG Orange */,
			);
			name = Products;
			sourceTree = "<group>";
		};
		C74EF65E2236115E009B3906 /* RPG_Orange */ = {
			isa = PBXGroup;
			children = (
				C74EF65F2236115E009B3906 /* main.cpp */,
			);
			path = RPG_Orange;
			sourceTree = "<group>";
		};
		C74EF67322362D4B009B3906 /* Not Used */ = {
			isa = PBXGroup;
			children = (
			);
			path = "Not Used";
			sourceTree = "<group>";
		};
/* End PBXGroup section */

/* Begin PBXNativeTarget section */
		C74EF65B2236115E009B3906 /* RPG Orange */ = {
			isa = PBXNativeTarget;
			buildConfigurationList = C74EF6632236115E009B3906 /* Build configuration list for PBXNativeTarget "RPG Orange" */;
			buildPhases = (
				C74EF6582236115E009B3906 /* Sources */,
				C74EF6592236115E009B3906 /* Frameworks */,
				C74EF65A2236115E009B3906 /* CopyFiles */,
			);
			buildRules = (
			);
			dependencies = (
			);
			name = "RPG Orange";
			productName = "RPG Orange";
			productReference = C74EF65C2236115E009B3906 /* RPG Orange */;
			productType = "com.apple.product-type.tool";
		};
/* End PBXNativeTarget section */

/* Begin PBXProject section */
		C74EF6542236115E009B3906 /* Project object */ = {
			isa = PBXProject;
			attributes = {
				LastUpgradeCheck = 1010;
				ORGANIZATIONNAME = Jerome.gg;
				TargetAttributes = {
					C74EF65B2236115E009B3906 = {
						CreatedOnToolsVersion = 10.1;
					};
				};
			};
			buildConfigurationList = C74EF6572236115E009B3906 /* Build configuration list for PBXProject "RPG Orange" */;
			compatibilityVersion = "Xcode 9.3";
			developmentRegion = en;
			hasScannedForEncodings = 0;
			knownRegions = (
				en,
			);
			mainGroup = C74EF6532236115E009B3906;
			productRefGroup = C74EF65D2236115E009B3906 /* Products */;
			projectDirPath = "";
			projectRoot = "";
			targets = (
				C74EF65B2236115E009B3906 /* RPG Orange */,
			);
		};
/* End PBXProject section */

/* Begin PBXSourcesBuildPhase section */
		C74EF6582236115E009B3906 /* Sources */ = {
			isa = PBXSourcesBuildPhase;
			buildActionMask = 2147483647;
			files = (
				C7A631B5223826FC00CA8CFC /* Globals.cpp in Sources */,
				C74EF6602236115E009B3906 /* main.cpp in Sources */,
				C74EF67222361F64009B3906 /* JHGuidance.cpp in Sources */,
				C74EF66D2236150D009B3906 /* JHFilter.cpp in Sources */,
				C74EF67622370580009B3906 /* JHController.cpp in Sources */,
				C74EF677223777E9009B3906 /* JHPI.cpp in Sources */,
			);
			runOnlyForDeploymentPostprocessing = 0;
		};
/* End PBXSourcesBuildPhase section */

/* Begin XCBuildConfiguration section */
		C74EF6612236115E009B3906 /* Debug */ = {
			isa = XCBuildConfiguration;
			buildSettings = {
				ALWAYS_SEARCH_USER_PATHS = NO;
				CLANG_ANALYZER_NONNULL = YES;
				CLANG_ANALYZER_NUMBER_OBJECT_CONVERSION = YES_AGGRESSIVE;
				CLANG_CXX_LANGUAGE_STANDARD = "gnu++14";
				CLANG_CXX_LIBRARY = "libc++";
				CLANG_ENABLE_MODULES = YES;
				CLANG_ENABLE_OBJC_ARC = YES;
				CLANG_ENABLE_OBJC_WEAK = YES;
				CLANG_WARN_BLOCK_CAPTURE_AUTORELEASING = YES;
				CLANG_WARN_BOOL_CONVERSION = YES;
				CLANG_WARN_COMMA = YES;
				CLANG_WARN_CONSTANT_CONVERSION = YES;
				CLANG_WARN_DEPRECATED_OBJC_IMPLEMENTATIONS = YES;
				CLANG_WARN_DIRECT_OBJC_ISA_USAGE = YES_ERROR;
				CLANG_WARN_DOCUMENTATION_COMMENTS = YES;
				CLANG_WARN_EMPTY_BODY = YES;
				CLANG_WARN_ENUM_CONVERSION = YES;
				CLANG_WARN_INFINITE_RECURSION = YES;
				CLANG_WARN_INT_CONVERSION = YES;
				CLANG_WARN_NON_LITERAL_NULL_CONVERSION = YES;
				CLANG_WARN_OBJC_IMPLICIT_RETAIN_SELF = YES;
				CLANG_WARN_OBJC_LITERAL_CONVERSION = YES;
				CLANG_WARN_OBJC_ROOT_CLASS = YES_ERROR;
				CLANG_WARN_RANGE_LOOP_ANALYSIS = YES;
				CLANG_WARN_STRICT_PROTOTYPES = YES;
				CLANG_WARN_SUSPICIOUS_MOVE = YES;
				CLANG_WARN_UNGUARDED_AVAILABILITY = YES_AGGRESSIVE;
				CLANG_WARN_UNREACHABLE_CODE = YES;
				CLANG_WARN__DUPLICATE_METHOD_MATCH = YES;
				CODE_SIGN_IDENTITY = "-";
				COPY_PHASE_STRIP = NO;
				DEBUG_INFORMATION_FORMAT = dwarf;
				ENABLE_STRICT_OBJC_MSGSEND = YES;
				ENABLE_TESTABILITY = YES;
				GCC_C_LANGUAGE_STANDARD = gnu11;
				GCC_DYNAMIC_NO_PIC = NO;
				GCC_NO_COMMON_BLOCKS = YES;
				GCC_OPTIMIZATION_LEVEL = 0;
				GCC_PREPROCESSOR_DEFINITIONS = (
					"DEBUG=1",
					"$(inherited)",
				);
				GCC_WARN_64_TO_32_BIT_CONVERSION = YES;
				GCC_WARN_ABOUT_RETURN_TYPE = YES_ERROR;
				GCC_WARN_UNDECLARED_SELECTOR = YES;
				GCC_WARN_UNINITIALIZED_AUTOS = YES_AGGRESSIVE;
				GCC_WARN_UNUSED_FUNCTION = YES;
				GCC_WARN_UNUSED_VARIABLE = YES;
				MACOSX_DEPLOYMENT_TARGET = 10.14;
				MTL_ENABLE_DEBUG_INFO = INCLUDE_SOURCE;
				MTL_FAST_MATH = YES;
				ONLY_ACTIVE_ARCH = YES;
				SDKROOT = macosx;
			};
			name = Debug;
		};
		C74EF6622236115E009B3906 /* Release */ = {
			isa = XCBuildConfiguration;
			buildSettings = {
				ALWAYS_SEARCH_USER_PATHS = NO;
				CLANG_ANALYZER_NONNULL = YES;
				CLANG_ANALYZER_NUMBER_OBJECT_CONVERSION = YES_AGGRESSIVE;
				CLANG_CXX_LANGUAGE_STANDARD = "gnu++14";
				CLANG_CXX_LIBRARY = "libc++";
				CLANG_ENABLE_MODULES = YES;
				CLANG_ENABLE_OBJC_ARC = YES;
				CLANG_ENABLE_OBJC_WEAK = YES;
				CLANG_WARN_BLOCK_CAPTURE_AUTORELEASING = YES;
				CLANG_WARN_BOOL_CONVERSION = YES;
				CLANG_WARN_COMMA = YES;
				CLANG_WARN_CONSTANT_CONVERSION = YES;
				CLANG_WARN_DEPRECATED_OBJC_IMPLEMENTATIONS = YES;
				CLANG_WARN_DIRECT_OBJC_ISA_USAGE = YES_ERROR;
				CLANG_WARN_DOCUMENTATION_COMMENTS = YES;
				CLANG_WARN_EMPTY_BODY = YES;
				CLANG_WARN_ENUM_CONVERSION = YES;
				CLANG_WARN_INFINITE_RECURSION = YES;
				CLANG_WARN_INT_CONVERSION = YES;
				CLANG_WARN_NON_LITERAL_NULL_CONVERSION = YES;
				CLANG_WARN_OBJC_IMPLICIT_RETAIN_SELF = YES;
				CLANG_WARN_OBJC_LITERAL_CONVERSION = YES;
				CLANG_WARN_OBJC_ROOT_CLASS = YES_ERROR;
				CLANG_WARN_RANGE_LOOP_ANALYSIS = YES;
				CLANG_WARN_STRICT_PROTOTYPES = YES;
				CLANG_WARN_SUSPICIOUS_MOVE = YES;
				CLANG_WARN_UNGUARDED_AVAILABILITY = YES_AGGRESSIVE;
				CLANG_WARN_UNREACHABLE_CODE = YES;
				CLANG_WARN__DUPLICATE_METHOD_MATCH = YES;
				CODE_SIGN_IDENTITY = "-";
				COPY_PHASE_STRIP = NO;
				DEBUG_INFORMATION_FORMAT = "dwarf-with-dsym";
				ENABLE_NS_ASSERTIONS = NO;
				ENABLE_STRICT_OBJC_MSGSEND = YES;
				GCC_C_LANGUAGE_STANDARD = gnu11;
				GCC_NO_COMMON_BLOCKS = YES;
				GCC_WARN_64_TO_32_BIT_CONVERSION = YES;
				GCC_WARN_ABOUT_RETURN_TYPE = YES_ERROR;
				GCC_WARN_UNDECLARED_SELECTOR = YES;
				GCC_WARN_UNINITIALIZED_AUTOS = YES_AGGRESSIVE;
				GCC_WARN_UNUSED_FUNCTION = YES;
				GCC_WARN_UNUSED_VARIABLE = YES;
				MACOSX_DEPLOYMENT_TARGET = 10.14;
				MTL_ENABLE_DEBUG_INFO = NO;
				MTL_FAST_MATH = YES;
				SDKROOT = macosx;
			};
			name = Release;
		};
		C74EF6642236115E009B3906 /* Debug */ = {
			isa = XCBuildConfiguration;
			buildSettings = {
				CODE_SIGN_STYLE = Automatic;
				PRODUCT_NAME = "$(TARGET_NAME)";
			};
			name = Debug;
		};
		C74EF6652236115E009B3906 /* Release */ = {
			isa = XCBuildConfiguration;
			buildSettings = {
				CODE_SIGN_STYLE = Automatic;
				PRODUCT_NAME = "$(TARGET_NAME)";
			};
			name = Release;
		};
/* End XCBuildConfiguration section */

/* Begin XCConfigurationList section */
		C74EF6572236115E009B3906 /* Build configuration list for PBXProject "RPG Orange" */ = {
			isa = XCConfigurationList;
			buildConfigurations = (
				C74EF6612236115E009B3906 /* Debug */,
				C74EF6622236115E009B3906 /* Release */,
			);
			defaultConfigurationIsVisible = 0;
			defaultConfigurationName = Release;
		};
		C74EF6632236115E009B3906 /* Build configuration list for PBXNativeTarget "RPG Orange" */ = {
			isa = XCConfigurationList;
			buildConfigurations = (
				C74EF6642236115E009B3906 /* Debug */,
				C74EF6652236115E009B3906 /* Release */,
			);
			defaultConfigurationIsVisible = 0;
			defaultConfigurationName = Release;
		};
/* End XCConfigurationList section */
	};
	rootObject = C74EF6542236115E009B3906 /* Project object */;
}
